
Microsoft Visual Studio Solution File, Format Version 12.00
# Visual Studio Version 17
VisualStudioVersion = 17.5.002.0
MinimumVisualStudioVersion = 10.0.40219.1
Project("{9A19103F-16F7-4668-BE54-9A1E7A4F7556}") = "EShoppingZone", "EShopCart\EShoppingZone.csproj", "{BAFD70E0-1E78-4460-9535-49F9C851610E}"
EndProject
Global
	GlobalSection(SolutionConfigurationPlatforms) = preSolution
		Debug|Any CPU = Debug|Any CPU
		Release|Any CPU = Release|Any CPU
	EndGlobalSection
	GlobalSection(ProjectConfigurationPlatforms) = postSolution
		{BAFD70E0-1E78-4460-9535-49F9C851610E}.Debug|Any CPU.ActiveCfg = Debug|Any CPU
		{BAFD70E0-1E78-4460-9535-49F9C851610E}.Debug|Any CPU.Build.0 = Debug|Any CPU
		{BAFD70E0-1E78-4460-9535-49F9C851610E}.Release|Any CPU.ActiveCfg = Release|Any CPU
		{BAFD70E0-1E78-4460-9535-49F9C851610E}.Release|Any CPU.Build.0 = Release|Any CPU
	EndGlobalSection
	GlobalSection(SolutionProperties) = preSolution
		HideSolutionNode = FALSE
	EndGlobalSection
	GlobalSection(ExtensibilityGlobals) = postSolution
		SolutionGuid = {1CB45E0D-C4EE-4127-884C-721E9899E1F8}
	EndGlobalSection
EndGlobal
